
Microsoft Visual Studio Solution File, Format Version 11.00
# Visual Web Developer Express 2010
Project("{FAE04EC0-301F-11D3-BF4B-00C04F79EFBC}") = "MrUploader", "MrUploader\MrUploader.csproj", "{D8A54482-FC46-42CB-977A-10A5FE548348}"
EndProject
Project("{FAE04EC0-301F-11D3-BF4B-00C04F79EFBC}") = "MrUploader.Web", "MrUploader.Web\MrUploader.Web.csproj", "{EBC657AB-53C4-4916-AEA1-CC5A031093BE}"
	ProjectSection(ProjectDependencies) = postProject
		{D8A54482-FC46-42CB-977A-10A5FE548348} = {D8A54482-FC46-42CB-977A-10A5FE548348}
	EndProjectSection
EndProject
Global
	GlobalSection(SolutionConfigurationPlatforms) = preSolution
		Debug|Any CPU = Debug|Any CPU
		Release|Any CPU = Release|Any CPU
	EndGlobalSection
	GlobalSection(ProjectConfigurationPlatforms) = postSolution
		{D8A54482-FC46-42CB-977A-10A5FE548348}.Debug|Any CPU.ActiveCfg = Debug|Any CPU
		{D8A54482-FC46-42CB-977A-10A5FE548348}.Debug|Any CPU.Build.0 = Debug|Any CPU
		{D8A54482-FC46-42CB-977A-10A5FE548348}.Release|Any CPU.ActiveCfg = Release|Any CPU
		{D8A54482-FC46-42CB-977A-10A5FE548348}.Release|Any CPU.Build.0 = Release|Any CPU
		{EBC657AB-53C4-4916-AEA1-CC5A031093BE}.Debug|Any CPU.ActiveCfg = Debug|Any CPU
		{EBC657AB-53C4-4916-AEA1-CC5A031093BE}.Debug|Any CPU.Build.0 = Debug|Any CPU
		{EBC657AB-53C4-4916-AEA1-CC5A031093BE}.Release|Any CPU.ActiveCfg = Release|Any CPU
		{EBC657AB-53C4-4916-AEA1-CC5A031093BE}.Release|Any CPU.Build.0 = Release|Any CPU
	EndGlobalSection
	GlobalSection(SolutionProperties) = preSolution
		HideSolutionNode = FALSE
	EndGlobalSection
EndGlobal
